
Microsoft Visual Studio Solution File, Format Version 12.00
# Visual Studio Version 17
VisualStudioVersion = 17.3.32929.385
MinimumVisualStudioVersion = 10.0.40219.1
Project("{FAE04EC0-301F-11D3-BF4B-00C04F79EFBC}") = "Ejemplo04", "Ejemplo04\Ejemplo04.csproj", "{46433D37-3A83-4B9D-A7EE-5F89F23B94BE}"
EndProject
Global
	GlobalSection(SolutionConfigurationPlatforms) = preSolution
		Debug|Any CPU = Debug|Any CPU
		Release|Any CPU = Release|Any CPU
	EndGlobalSection
	GlobalSection(ProjectConfigurationPlatforms) = postSolution
		{46433D37-3A83-4B9D-A7EE-5F89F23B94BE}.Debug|Any CPU.ActiveCfg = Debug|Any CPU
		{46433D37-3A83-4B9D-A7EE-5F89F23B94BE}.Debug|Any CPU.Build.0 = Debug|Any CPU
		{46433D37-3A83-4B9D-A7EE-5F89F23B94BE}.Release|Any CPU.ActiveCfg = Release|Any CPU
		{46433D37-3A83-4B9D-A7EE-5F89F23B94BE}.Release|Any CPU.Build.0 = Release|Any CPU
	EndGlobalSection
	GlobalSection(SolutionProperties) = preSolution
		HideSolutionNode = FALSE
	EndGlobalSection
	GlobalSection(ExtensibilityGlobals) = postSolution
		SolutionGuid = {51944E85-83E0-4F38-B795-76FD1B7A3ACE}
	EndGlobalSection
EndGlobal
