
Microsoft Visual Studio Solution File, Format Version 12.00
# Visual Studio Version 17
VisualStudioVersion = 17.3.32929.385
MinimumVisualStudioVersion = 10.0.40219.1
Project("{FAE04EC0-301F-11D3-BF4B-00C04F79EFBC}") = "Ejemplo06", "Ejemplo06\Ejemplo06.csproj", "{287F9AB9-FA6F-4C18-B32D-15F5E7D189E2}"
EndProject
Global
	GlobalSection(SolutionConfigurationPlatforms) = preSolution
		Debug|Any CPU = Debug|Any CPU
		Release|Any CPU = Release|Any CPU
	EndGlobalSection
	GlobalSection(ProjectConfigurationPlatforms) = postSolution
		{287F9AB9-FA6F-4C18-B32D-15F5E7D189E2}.Debug|Any CPU.ActiveCfg = Debug|Any CPU
		{287F9AB9-FA6F-4C18-B32D-15F5E7D189E2}.Debug|Any CPU.Build.0 = Debug|Any CPU
		{287F9AB9-FA6F-4C18-B32D-15F5E7D189E2}.Release|Any CPU.ActiveCfg = Release|Any CPU
		{287F9AB9-FA6F-4C18-B32D-15F5E7D189E2}.Release|Any CPU.Build.0 = Release|Any CPU
	EndGlobalSection
	GlobalSection(SolutionProperties) = preSolution
		HideSolutionNode = FALSE
	EndGlobalSection
	GlobalSection(ExtensibilityGlobals) = postSolution
		SolutionGuid = {F0686B32-F6A5-4A9A-B171-44745153FB97}
	EndGlobalSection
EndGlobal
